{
  "version": 4,
  "terraform_version": "1.10.3",
  "serial": 36,
  "lineage": "0824d40c-4248-e385-229f-859782e9c36a",
  "outputs": {
    "vm_ip": {
      "value": "89.169.151.239",
      "type": "string"
    }
  },
  "resources": [
    {
      "mode": "managed",
      "type": "yandex_compute_instance",
      "name": "mysql_1",
      "provider": "provider[\"registry.terraform.io/yandex-cloud/yandex\"]",
      "instances": [
        {
          "schema_version": 1,
          "attributes": {
            "allow_recreate": null,
            "allow_stopping_for_update": true,
            "boot_disk": [
              {
                "auto_delete": true,
                "device_name": "fhm7ej9v7694haheiv5r",
                "disk_id": "fhm7ej9v7694haheiv5r",
                "initialize_params": [
                  {
                    "block_size": 4096,
                    "description": "",
                    "image_id": "fd83r8l1erja63002a2h",
                    "kms_key_id": "",
                    "name": "",
                    "size": 20,
                    "snapshot_id": "",
                    "type": "network-hdd"
                  }
                ],
                "mode": "READ_WRITE"
              }
            ],
            "created_at": "2025-01-05T20:07:11Z",
            "description": "",
            "filesystem": [],
            "folder_id": "b1gh4mmtdk168vcjig05",
            "fqdn": "mysql-1.ru-central1.internal",
            "gpu_cluster_id": "",
            "hardware_generation": [
              {
                "generation2_features": [],
                "legacy_features": [
                  {
                    "pci_topology": "PCI_TOPOLOGY_V1"
                  }
                ]
              }
            ],
            "hostname": "mysql-1",
            "id": "fhm4q69hve6d4kn4ncpq",
            "labels": null,
            "local_disk": [],
            "maintenance_grace_period": "",
            "maintenance_policy": null,
            "metadata": {
              "ssh-keys": "vlad:ssh-ed25519 AAAAC3NzaC1lZDI1NTE5AAAAIC8bDGbiyUNa2k07/T9jlaRKD1gMcMT9/4wqljOvFJOD nevzorovvlad@mail.ru\n",
              "user-data": "#cloud-config\npackages:\n  - docker.io\ngroups:\n  - docker\nusers:\n  - name: vlad\n    sudo: [\"ALL=(ALL) NOPASSWD:ALL\"]\n    groups: [\"docker\", \"sudo\"]\n    shell: /bin/bash\n    ssh-authorized-keys:\n      - ssh-ed25519 AAAAC3NzaC1lZDI1NTE5AAAAIC8bDGbiyUNa2k07/T9jlaRKD1gMcMT9/4wqljOvFJOD nevzorovvlad@mail.ru\n\nruncmd:\n  - systemctl enable docker\n  - systemctl start docker\n  - usermod -aG docker vlad\n"
            },
            "metadata_options": [
              {
                "aws_v1_http_endpoint": 1,
                "aws_v1_http_token": 2,
                "gce_http_endpoint": 1,
                "gce_http_token": 1
              }
            ],
            "name": "mysql-1",
            "network_acceleration_type": "standard",
            "network_interface": [
              {
                "dns_record": [],
                "index": 0,
                "ip_address": "10.1.1.10",
                "ipv4": true,
                "ipv6": false,
                "ipv6_address": "",
                "ipv6_dns_record": [],
                "mac_address": "d0:0d:4d:19:31:fb",
                "nat": true,
                "nat_dns_record": [],
                "nat_ip_address": "89.169.151.239",
                "nat_ip_version": "IPV4",
                "security_group_ids": [],
                "subnet_id": "e9brrtds7fgpb00g8pd5"
              }
            ],
            "placement_policy": [
              {
                "host_affinity_rules": [],
                "placement_group_id": "",
                "placement_group_partition": 0
              }
            ],
            "platform_id": "standard-v3",
            "resources": [
              {
                "core_fraction": 20,
                "cores": 2,
                "gpus": 0,
                "memory": 4
              }
            ],
            "scheduling_policy": [
              {
                "preemptible": true
              }
            ],
            "secondary_disk": [],
            "service_account_id": "",
            "status": "running",
            "timeouts": null,
            "zone": "ru-central1-a"
          },
          "sensitive_attributes": [],
          "private": "eyJlMmJmYjczMC1lY2FhLTExZTYtOGY4OC0zNDM2M2JjN2M0YzAiOnsiY3JlYXRlIjozMDAwMDAwMDAwMDAsImRlbGV0ZSI6MzAwMDAwMDAwMDAwLCJ1cGRhdGUiOjMwMDAwMDAwMDAwMH0sInNjaGVtYV92ZXJzaW9uIjoiMSJ9",
          "dependencies": [
            "yandex_vpc_network.vpc-net",
            "yandex_vpc_subnet.vpc-subnet-a"
          ]
        }
      ]
    },
    {
      "mode": "managed",
      "type": "yandex_vpc_network",
      "name": "vpc-net",
      "provider": "provider[\"registry.terraform.io/yandex-cloud/yandex\"]",
      "instances": [
        {
          "schema_version": 0,
          "attributes": {
            "created_at": "2025-01-05T20:07:08Z",
            "default_security_group_id": "enp3g56cqhgkaiiq3e0p",
            "description": "",
            "folder_id": "b1gh4mmtdk168vcjig05",
            "id": "enpdo3gh3sbfj5sedbfo",
            "labels": {},
            "name": "vpc-network",
            "subnet_ids": [],
            "timeouts": null
          },
          "sensitive_attributes": [],
          "private": "eyJlMmJmYjczMC1lY2FhLTExZTYtOGY4OC0zNDM2M2JjN2M0YzAiOnsiY3JlYXRlIjo2MDAwMDAwMDAwMCwiZGVsZXRlIjo2MDAwMDAwMDAwMCwidXBkYXRlIjo2MDAwMDAwMDAwMH19"
        }
      ]
    },
    {
      "mode": "managed",
      "type": "yandex_vpc_subnet",
      "name": "vpc-subnet-a",
      "provider": "provider[\"registry.terraform.io/yandex-cloud/yandex\"]",
      "instances": [
        {
          "schema_version": 0,
          "attributes": {
            "created_at": "2025-01-05T20:07:10Z",
            "description": "subnet-1",
            "dhcp_options": [],
            "folder_id": "b1gh4mmtdk168vcjig05",
            "id": "e9brrtds7fgpb00g8pd5",
            "labels": {},
            "name": "subnet-1",
            "network_id": "enpdo3gh3sbfj5sedbfo",
            "route_table_id": "",
            "timeouts": null,
            "v4_cidr_blocks": [
              "10.1.1.0/24"
            ],
            "v6_cidr_blocks": [],
            "zone": "ru-central1-a"
          },
          "sensitive_attributes": [],
          "private": "eyJlMmJmYjczMC1lY2FhLTExZTYtOGY4OC0zNDM2M2JjN2M0YzAiOnsiY3JlYXRlIjoxODAwMDAwMDAwMDAsImRlbGV0ZSI6MTgwMDAwMDAwMDAwLCJ1cGRhdGUiOjE4MDAwMDAwMDAwMH19",
          "dependencies": [
            "yandex_vpc_network.vpc-net"
          ]
        }
      ]
    }
  ],
  "check_results": null
}
